<?xml version="1.0" encoding="utf-8"?>
<Project ToolsVersion="4.0" xmlns="http://schemas.microsoft.com/developer/msbuild/2003">
  <ItemGroup>
    <Filter Include="Source Files">
      <UniqueIdentifier>{4FC737F1-C7A5-4376-A066-2A32D752A2FF}</UniqueIdentifier>
      <Extensions>cpp;c;cc;cxx;c++;cppm;ixx;def;odl;idl;hpj;bat;asm;asmx</Extensions>
    </Filter>
    <Filter Include="Header Files">
      <UniqueIdentifier>{93995380-89BD-4b04-88EB-625FBE52EBFB}</UniqueIdentifier>
      <Extensions>h;hh;hpp;hxx;h++;hm;inl;inc;ipp;xsd</Extensions>
    </Filter>
    <Filter Include="Resource Files">
      <UniqueIdentifier>{67DA6AB6-F800-4c08-8B7A-83BB121AAD01}</UniqueIdentifier>
      <Extensions>rc;ico;cur;bmp;dlg;rc2;rct;bin;rgs;gif;jpg;jpeg;jpe;resx;tiff;tif;png;wav;mfcribbon-ms</Extensions>
    </Filter>
  </ItemGroup>
  <ItemGroup>
    <ClCompile Include="main.cpp">
      <Filter>Source Files</Filter>
    </ClCompile>
    <ClCompile Include="Init.cpp">
      <Filter>Source Files</Filter>
    </ClCompile>
    <ClCompile Include="RenderEngine.cpp">
      <Filter>Source Files</Filter>
    </ClCompile>
    <ClCompile Include="FTexture.cpp">
      <Filter>Source Files</Filter>
    </ClCompile>
    <ClCompile Include="FGrid.cpp">
      <Filter>Source Files</Filter>
    </ClCompile>
    <ClCompile Include="FLawn.cpp">
      <Filter>Source Files</Filter>
    </ClCompile>
    <ClCompile Include="FPeashooter.cpp">
      <Filter>Source Files</Filter>
    </ClCompile>
    <ClCompile Include="FSeedPacket.cpp">
      <Filter>Source Files</Filter>
    </ClCompile>
    <ClCompile Include="FSun.cpp">
      <Filter>Source Files</Filter>
    </ClCompile>
    <ClCompile Include="Math.cpp">
      <Filter>Source Files</Filter>
    </ClCompile>
    <ClCompile Include="Constants.cpp">
      <Filter>Source Files</Filter>
    </ClCompile>
    <ClCompile Include="FPea.cpp">
      <Filter>Source Files</Filter>
    </ClCompile>
    <ClCompile Include="FZombie.cpp">
      <Filter>Source Files</Filter>
    </ClCompile>
    <ClCompile Include="CollisionChecker.cpp">
      <Filter>Source Files</Filter>
    </ClCompile>
    <ClCompile Include="FProgressBar.cpp">
      <Filter>Source Files</Filter>
    </ClCompile>
    <ClCompile Include="FPlant.cpp">
      <Filter>Source Files</Filter>
    </ClCompile>
    <ClCompile Include="Level.cpp">
      <Filter>Source Files</Filter>
    </ClCompile>
    <ClCompile Include="SunManager.cpp">
      <Filter>Source Files</Filter>
    </ClCompile>
    <ClCompile Include="SlotManager.cpp">
      <Filter>Source Files</Filter>
    </ClCompile>
    <ClCompile Include="FSeedPeashooter.cpp">
      <Filter>Source Files</Filter>
    </ClCompile>
    <ClCompile Include="FSeedShovel.cpp">
      <Filter>Source Files</Filter>
    </ClCompile>
    <ClCompile Include="FBasicZombie.cpp">
      <Filter>Source Files</Filter>
    </ClCompile>
    <ClCompile Include="FDeadZombie.cpp">
      <Filter>Source Files</Filter>
    </ClCompile>
    <ClCompile Include="FParticle.cpp">
      <Filter>Source Files</Filter>
    </ClCompile>
    <ClCompile Include="FGreenPea.cpp">
      <Filter>Source Files</Filter>
    </ClCompile>
    <ClCompile Include="WaveManager.cpp">
      <Filter>Source Files</Filter>
    </ClCompile>
    <ClCompile Include="FConeZombie.cpp">
      <Filter>Source Files</Filter>
    </ClCompile>
    <ClCompile Include="FBucketZombie.cpp">
      <Filter>Source Files</Filter>
    </ClCompile>
    <ClCompile Include="FFlagZombie.cpp">
      <Filter>Source Files</Filter>
    </ClCompile>
    <ClCompile Include="FWallnut.cpp">
      <Filter>Source Files</Filter>
    </ClCompile>
    <ClCompile Include="FSeedWallnut.cpp">
      <Filter>Source Files</Filter>
    </ClCompile>
    <ClCompile Include="FSunflower.cpp">
      <Filter>Source Files</Filter>
    </ClCompile>
    <ClCompile Include="FSeedSunflower.cpp">
      <Filter>Source Files</Filter>
    </ClCompile>
    <ClCompile Include="FPotatomine.cpp">
      <Filter>Source Files</Filter>
    </ClCompile>
    <ClCompile Include="FSeedPotatomine.cpp">
      <Filter>Source Files</Filter>
    </ClCompile>
    <ClCompile Include="FExplosionPotatomine.cpp">
      <Filter>Source Files</Filter>
    </ClCompile>
    <ClCompile Include="Scene.cpp">
      <Filter>Source Files</Filter>
    </ClCompile>
    <ClCompile Include="SceneManager.cpp">
      <Filter>Source Files</Filter>
    </ClCompile>
    <ClCompile Include="TitleScreen.cpp">
      <Filter>Source Files</Filter>
    </ClCompile>
    <ClCompile Include="Button.cpp">
      <Filter>Source Files</Filter>
    </ClCompile>
    <ClCompile Include="PauseMenu.cpp">
      <Filter>Source Files</Filter>
    </ClCompile>
    <ClCompile Include="WorldMap.cpp">
      <Filter>Source Files</Filter>
    </ClCompile>
    <ClCompile Include="LevelIntro.cpp">
      <Filter>Source Files</Filter>
    </ClCompile>
    <ClCompile Include="LevelLose.cpp">
      <Filter>Source Files</Filter>
    </ClCompile>
    <ClCompile Include="LevelWin.cpp">
      <Filter>Source Files</Filter>
    </ClCompile>
  </ItemGroup>
  <ItemGroup>
    <ClInclude Include="Constants.hpp">
      <Filter>Header Files</Filter>
    </ClInclude>
    <ClInclude Include="RenderEngine.hpp">
      <Filter>Header Files</Filter>
    </ClInclude>
    <ClInclude Include="Init.hpp">
      <Filter>Header Files</Filter>
    </ClInclude>
    <ClInclude Include="FTexture.hpp">
      <Filter>Header Files</Filter>
    </ClInclude>
    <ClInclude Include="FLawn.hpp">
      <Filter>Header Files</Filter>
    </ClInclude>
    <ClInclude Include="FGrid.hpp">
      <Filter>Header Files</Filter>
    </ClInclude>
    <ClInclude Include="FPeashooter.hpp">
      <Filter>Header Files</Filter>
    </ClInclude>
    <ClInclude Include="FSeedPacket.hpp">
      <Filter>Header Files</Filter>
    </ClInclude>
    <ClInclude Include="FSun.hpp">
      <Filter>Header Files</Filter>
    </ClInclude>
    <ClInclude Include="Math.hpp">
      <Filter>Header Files</Filter>
    </ClInclude>
    <ClInclude Include="FPea.hpp">
      <Filter>Header Files</Filter>
    </ClInclude>
    <ClInclude Include="FZombie.hpp">
      <Filter>Header Files</Filter>
    </ClInclude>
    <ClInclude Include="CollisionChecker.hpp">
      <Filter>Header Files</Filter>
    </ClInclude>
    <ClInclude Include="FProgressBar.hpp">
      <Filter>Header Files</Filter>
    </ClInclude>
    <ClInclude Include="FPlant.hpp">
      <Filter>Header Files</Filter>
    </ClInclude>
    <ClInclude Include="SunManager.hpp">
      <Filter>Header Files</Filter>
    </ClInclude>
    <ClInclude Include="SlotManager.hpp">
      <Filter>Header Files</Filter>
    </ClInclude>
    <ClInclude Include="FSeedShovel.hpp">
      <Filter>Header Files</Filter>
    </ClInclude>
    <ClInclude Include="Global.hpp">
      <Filter>Header Files</Filter>
    </ClInclude>
    <ClInclude Include="FBasicZombie.hpp">
      <Filter>Header Files</Filter>
    </ClInclude>
    <ClInclude Include="FDeadZombie.hpp">
      <Filter>Header Files</Filter>
    </ClInclude>
    <ClInclude Include="FParticle.hpp">
      <Filter>Header Files</Filter>
    </ClInclude>
    <ClInclude Include="FGreenPea.hpp">
      <Filter>Header Files</Filter>
    </ClInclude>
    <ClInclude Include="WaveManager.hpp">
      <Filter>Header Files</Filter>
    </ClInclude>
    <ClInclude Include="FConeZombie.hpp">
      <Filter>Header Files</Filter>
    </ClInclude>
    <ClInclude Include="FBucketZombie.hpp">
      <Filter>Header Files</Filter>
    </ClInclude>
    <ClInclude Include="FFlagZombie.hpp">
      <Filter>Header Files</Filter>
    </ClInclude>
    <ClInclude Include="FWallnut.hpp">
      <Filter>Header Files</Filter>
    </ClInclude>
    <ClInclude Include="FSeedPeashooter.hpp">
      <Filter>Header Files</Filter>
    </ClInclude>
    <ClInclude Include="Level.hpp">
      <Filter>Header Files</Filter>
    </ClInclude>
    <ClInclude Include="FSeedWallnut.hpp">
      <Filter>Header Files</Filter>
    </ClInclude>
    <ClInclude Include="FSunflower.hpp">
      <Filter>Header Files</Filter>
    </ClInclude>
    <ClInclude Include="FSeedSunflower.hpp">
      <Filter>Header Files</Filter>
    </ClInclude>
    <ClInclude Include="FPotatomine.hpp">
      <Filter>Header Files</Filter>
    </ClInclude>
    <ClInclude Include="FSeedPotatomine.hpp">
      <Filter>Header Files</Filter>
    </ClInclude>
    <ClInclude Include="FExplosionPotatomine.hpp">
      <Filter>Header Files</Filter>
    </ClInclude>
    <ClInclude Include="Scene.hpp">
      <Filter>Header Files</Filter>
    </ClInclude>
    <ClInclude Include="SceneManager.hpp">
      <Filter>Header Files</Filter>
    </ClInclude>
    <ClInclude Include="TitleScreen.hpp">
      <Filter>Header Files</Filter>
    </ClInclude>
    <ClInclude Include="Button.hpp">
      <Filter>Header Files</Filter>
    </ClInclude>
    <ClInclude Include="PauseMenu.hpp">
      <Filter>Header Files</Filter>
    </ClInclude>
    <ClInclude Include="WorldMap.hpp">
      <Filter>Header Files</Filter>
    </ClInclude>
    <ClInclude Include="LevelIntro.hpp">
      <Filter>Header Files</Filter>
    </ClInclude>
    <ClInclude Include="LevelLose.hpp">
      <Filter>Header Files</Filter>
    </ClInclude>
    <ClInclude Include="LevelWin.hpp">
      <Filter>Header Files</Filter>
    </ClInclude>
  </ItemGroup>
</Project>